
Microsoft Visual Studio Solution File, Format Version 12.00
# Visual Studio Version 16
VisualStudioVersion = 16.0.31829.152
MinimumVisualStudioVersion = 10.0.40219.1
Project("{FAE04EC0-301F-11D3-BF4B-00C04F79EFBC}") = "WpfHelloWorld", "WpfHelloWorld.csproj", "{6A140B7A-0430-4CFD-A0D5-66E12CA4EFBC}"
EndProject
Global
	GlobalSection(SolutionConfigurationPlatforms) = preSolution
		Debug|Any CPU = Debug|Any CPU
		Release|Any CPU = Release|Any CPU
	EndGlobalSection
	GlobalSection(ProjectConfigurationPlatforms) = postSolution
		{6A140B7A-0430-4CFD-A0D5-66E12CA4EFBC}.Debug|Any CPU.ActiveCfg = Debug|Any CPU
		{6A140B7A-0430-4CFD-A0D5-66E12CA4EFBC}.Debug|Any CPU.Build.0 = Debug|Any CPU
		{6A140B7A-0430-4CFD-A0D5-66E12CA4EFBC}.Release|Any CPU.ActiveCfg = Release|Any CPU
		{6A140B7A-0430-4CFD-A0D5-66E12CA4EFBC}.Release|Any CPU.Build.0 = Release|Any CPU
	EndGlobalSection
	GlobalSection(SolutionProperties) = preSolution
		HideSolutionNode = FALSE
	EndGlobalSection
	GlobalSection(ExtensibilityGlobals) = postSolution
		SolutionGuid = {79C4F441-099E-4E9E-ABB9-783AB0CF836E}
	EndGlobalSection
EndGlobal
